
Microsoft Visual Studio Solution File, Format Version 12.00
# Visual Studio 2013
VisualStudioVersion = 12.0.31101.0
MinimumVisualStudioVersion = 10.0.40219.1
Project("{FAE04EC0-301F-11D3-BF4B-00C04F79EFBC}") = "WebPack.MVC", "WebPack.MVC\WebPack.MVC.csproj", "{8556909C-8352-48B4-B009-C8C094897FEF}"
EndProject
Global
	GlobalSection(SolutionConfigurationPlatforms) = preSolution
		Debug|Any CPU = Debug|Any CPU
		Release|Any CPU = Release|Any CPU
	EndGlobalSection
	GlobalSection(ProjectConfigurationPlatforms) = postSolution
		{8556909C-8352-48B4-B009-C8C094897FEF}.Debug|Any CPU.ActiveCfg = Debug|Any CPU
		{8556909C-8352-48B4-B009-C8C094897FEF}.Debug|Any CPU.Build.0 = Debug|Any CPU
		{8556909C-8352-48B4-B009-C8C094897FEF}.Release|Any CPU.ActiveCfg = Release|Any CPU
		{8556909C-8352-48B4-B009-C8C094897FEF}.Release|Any CPU.Build.0 = Release|Any CPU
	EndGlobalSection
	GlobalSection(SolutionProperties) = preSolution
		HideSolutionNode = FALSE
	EndGlobalSection
EndGlobal
